// !$*UTF8*$!
{
	archiveVersion = 1;
	classes = {
	};
	objectVersion = 48;
	objects = {

/* Begin PBXBuildFile section */
		6500504B200E8DA7008E1CB9 /* CreateEntryViewController.swift in Sources */ = {isa = PBXBuildFile; fileRef = 6500504A200E8DA7008E1CB9 /* CreateEntryViewController.swift */; };
		65B2CCCF200E87FF00A47A06 /* AppDelegate.swift in Sources */ = {isa = PBXBuildFile; fileRef = 65B2CCCE200E87FF00A47A06 /* AppDelegate.swift */; };
		65B2CCD1200E87FF00A47A06 /* CollectionViewController.swift in Sources */ = {isa = PBXBuildFile; fileRef = 65B2CCD0200E87FF00A47A06 /* CollectionViewController.swift */; };
		65B2CCD4200E87FF00A47A06 /* Main.storyboard in Resources */ = {isa = PBXBuildFile; fileRef = 65B2CCD2200E87FF00A47A06 /* Main.storyboard */; };
		65B2CCD7200E87FF00A47A06 /* wineCollector.xcdatamodeld in Sources */ = {isa = PBXBuildFile; fileRef = 65B2CCD5200E87FF00A47A06 /* wineCollector.xcdatamodeld */; };
		65B2CCD9200E87FF00A47A06 /* Assets.xcassets in Resources */ = {isa = PBXBuildFile; fileRef = 65B2CCD8200E87FF00A47A06 /* Assets.xcassets */; };
		65B2CCDC200E87FF00A47A06 /* LaunchScreen.storyboard in Resources */ = {isa = PBXBuildFile; fileRef = 65B2CCDA200E87FF00A47A06 /* LaunchScreen.storyboard */; };
		65B2CCE4200E8C0900A47A06 /* redwine.jpg in Resources */ = {isa = PBXBuildFile; fileRef = 65B2CCE3200E8C0900A47A06 /* redwine.jpg */; };
/* End PBXBuildFile section */

/* Begin PBXFileReference section */
		6500504A200E8DA7008E1CB9 /* CreateEntryViewController.swift */ = {isa = PBXFileReference; lastKnownFileType = sourcecode.swift; name = CreateEntryViewController.swift; path = "../../../../../../../../Daniel/Library/Mobile Documents/com~apple~CloudDocs/App Development/Training/wineCollector/wineCollector/CreateEntryViewController.swift"; sourceTree = "<group>"; };
		65B2CCCB200E87FF00A47A06 /* wineCollector.app */ = {isa = PBXFileReference; explicitFileType = wrapper.application; includeInIndex = 0; path = wineCollector.app; sourceTree = BUILT_PRODUCTS_DIR; };
		65B2CCCE200E87FF00A47A06 /* AppDelegate.swift */ = {isa = PBXFileReference; lastKnownFileType = sourcecode.swift; path = AppDelegate.swift; sourceTree = "<group>"; };
		65B2CCD0200E87FF00A47A06 /* CollectionViewController.swift */ = {isa = PBXFileReference; lastKnownFileType = sourcecode.swift; path = CollectionViewController.swift; sourceTree = "<group>"; };
		65B2CCD3200E87FF00A47A06 /* Base */ = {isa = PBXFileReference; lastKnownFileType = file.storyboard; name = Base; path = Base.lproj/Main.storyboard; sourceTree = "<group>"; };
		65B2CCD6200E87FF00A47A06 /* wineCollector.xcdatamodel */ = {isa = PBXFileReference; lastKnownFileType = wrapper.xcdatamodel; path = wineCollector.xcdatamodel; sourceTree = "<group>"; };
		65B2CCD8200E87FF00A47A06 /* Assets.xcassets */ = {isa = PBXFileReference; lastKnownFileType = folder.assetcatalog; path = Assets.xcassets; sourceTree = "<group>"; };
		65B2CCDB200E87FF00A47A06 /* Base */ = {isa = PBXFileReference; lastKnownFileType = file.storyboard; name = Base; path = Base.lproj/LaunchScreen.storyboard; sourceTree = "<group>"; };
		65B2CCDD200E87FF00A47A06 /* Info.plist */ = {isa = PBXFileReference; lastKnownFileType = text.plist.xml; path = Info.plist; sourceTree = "<group>"; };
		65B2CCE3200E8C0900A47A06 /* redwine.jpg */ = {isa = PBXFileReference; lastKnownFileType = image.jpeg; path = redwine.jpg; sourceTree = "<group>"; };
/* End PBXFileReference section */

/* Begin PBXFrameworksBuildPhase section */
		65B2CCC8200E87FF00A47A06 /* Frameworks */ = {
			isa = PBXFrameworksBuildPhase;
			buildActionMask = 2147483647;
			files = (
			);
			runOnlyForDeploymentPostprocessing = 0;
		};
/* End PBXFrameworksBuildPhase section */

/* Begin PBXGroup section */
		65B2CCC2200E87FF00A47A06 = {
			isa = PBXGroup;
			children = (
				65B2CCCD200E87FF00A47A06 /* wineCollector */,
				65B2CCCC200E87FF00A47A06 /* Products */,
			);
			sourceTree = "<group>";
		};
		65B2CCCC200E87FF00A47A06 /* Products */ = {
			isa = PBXGroup;
			children = (
				65B2CCCB200E87FF00A47A06 /* wineCollector.app */,
			);
			name = Products;
			sourceTree = "<group>";
		};
		65B2CCCD200E87FF00A47A06 /* wineCollector */ = {
			isa = PBXGroup;
			children = (
				65B2CCE3200E8C0900A47A06 /* redwine.jpg */,
				65B2CCCE200E87FF00A47A06 /* AppDelegate.swift */,
				65B2CCD0200E87FF00A47A06 /* CollectionViewController.swift */,
				6500504A200E8DA7008E1CB9 /* CreateEntryViewController.swift */,
				65B2CCD2200E87FF00A47A06 /* Main.storyboard */,
				65B2CCD8200E87FF00A47A06 /* Assets.xcassets */,
				65B2CCDA200E87FF00A47A06 /* LaunchScreen.storyboard */,
				65B2CCDD200E87FF00A47A06 /* Info.plist */,
				65B2CCD5200E87FF00A47A06 /* wineCollector.xcdatamodeld */,
			);
			path = wineCollector;
			sourceTree = "<group>";
		};
/* End PBXGroup section */

/* Begin PBXNativeTarget section */
		65B2CCCA200E87FF00A47A06 /* wineCollector */ = {
			isa = PBXNativeTarget;
			buildConfigurationList = 65B2CCE0200E87FF00A47A06 /* Build configuration list for PBXNativeTarget "wineCollector" */;
			buildPhases = (
				65B2CCC7200E87FF00A47A06 /* Sources */,
				65B2CCC8200E87FF00A47A06 /* Frameworks */,
				65B2CCC9200E87FF00A47A06 /* Resources */,
			);
			buildRules = (
			);
			dependencies = (
			);
			name = wineCollector;
			productName = wineCollector;
			productReference = 65B2CCCB200E87FF00A47A06 /* wineCollector.app */;
			productType = "com.apple.product-type.application";
		};
/* End PBXNativeTarget section */

/* Begin PBXProject section */
		65B2CCC3200E87FF00A47A06 /* Project object */ = {
			isa = PBXProject;
			attributes = {
				LastSwiftUpdateCheck = 0920;
				LastUpgradeCheck = 0920;
				ORGANIZATIONNAME = "Daniel Debner";
				TargetAttributes = {
					65B2CCCA200E87FF00A47A06 = {
						CreatedOnToolsVersion = 9.2;
						ProvisioningStyle = Automatic;
					};
				};
			};
			buildConfigurationList = 65B2CCC6200E87FF00A47A06 /* Build configuration list for PBXProject "wineCollector" */;
			compatibilityVersion = "Xcode 8.0";
			developmentRegion = en;
			hasScannedForEncodings = 0;
			knownRegions = (
				en,
				Base,
			);
			mainGroup = 65B2CCC2200E87FF00A47A06;
			productRefGroup = 65B2CCCC200E87FF00A47A06 /* Products */;
			projectDirPath = "";
			projectRoot = "";
			targets = (
				65B2CCCA200E87FF00A47A06 /* wineCollector */,
			);
		};
/* End PBXProject section */

/* Begin PBXResourcesBuildPhase section */
		65B2CCC9200E87FF00A47A06 /* Resources */ = {
			isa = PBXResourcesBuildPhase;
			buildActionMask = 2147483647;
			files = (
				65B2CCE4200E8C0900A47A06 /* redwine.jpg in Resources */,
				65B2CCDC200E87FF00A47A06 /* LaunchScreen.storyboard in Resources */,
				65B2CCD9200E87FF00A47A06 /* Assets.xcassets in Resources */,
				65B2CCD4200E87FF00A47A06 /* Main.storyboard in Resources */,
			);
			runOnlyForDeploymentPostprocessing = 0;
		};
/* End PBXResourcesBuildPhase section */

/* Begin PBXSourcesBuildPhase section */
		65B2CCC7200E87FF00A47A06 /* Sources */ = {
			isa = PBXSourcesBuildPhase;
			buildActionMask = 2147483647;
			files = (
				65B2CCD1200E87FF00A47A06 /* CollectionViewController.swift in Sources */,
				65B2CCCF200E87FF00A47A06 /* AppDelegate.swift in Sources */,
				65B2CCD7200E87FF00A47A06 /* wineCollector.xcdatamodeld in Sources */,
				6500504B200E8DA7008E1CB9 /* CreateEntryViewController.swift in Sources */,
			);
			runOnlyForDeploymentPostprocessing = 0;
		};
/* End PBXSourcesBuildPhase section */

/* Begin PBXVariantGroup section */
		65B2CCD2200E87FF00A47A06 /* Main.storyboard */ = {
			isa = PBXVariantGroup;
			children = (
				65B2CCD3200E87FF00A47A06 /* Base */,
			);
			name = Main.storyboard;
			sourceTree = "<group>";
		};
		65B2CCDA200E87FF00A47A06 /* LaunchScreen.storyboard */ = {
			isa = PBXVariantGroup;
			children = (
				65B2CCDB200E87FF00A47A06 /* Base */,
			);
			name = LaunchScreen.storyboard;
			sourceTree = "<group>";
		};
/* End PBXVariantGroup section */

/* Begin XCBuildConfiguration section */
		65B2CCDE200E87FF00A47A06 /* Debug */ = {
			isa = XCBuildConfiguration;
			buildSettings = {
				ALWAYS_SEARCH_USER_PATHS = NO;
				CLANG_ANALYZER_NONNULL = YES;
				CLANG_ANALYZER_NUMBER_OBJECT_CONVERSION = YES_AGGRESSIVE;
				CLANG_CXX_LANGUAGE_STANDARD = "gnu++14";
				CLANG_CXX_LIBRARY = "libc++";
				CLANG_ENABLE_MODULES = YES;
				CLANG_ENABLE_OBJC_ARC = YES;
				CLANG_WARN_BLOCK_CAPTURE_AUTORELEASING = YES;
				CLANG_WARN_BOOL_CONVERSION = YES;
				CLANG_WARN_COMMA = YES;
				CLANG_WARN_CONSTANT_CONVERSION = YES;
				CLANG_WARN_DIRECT_OBJC_ISA_USAGE = YES_ERROR;
				CLANG_WARN_DOCUMENTATION_COMMENTS = YES;
				CLANG_WARN_EMPTY_BODY = YES;
				CLANG_WARN_ENUM_CONVERSION = YES;
				CLANG_WARN_INFINITE_RECURSION = YES;
				CLANG_WARN_INT_CONVERSION = YES;
				CLANG_WARN_NON_LITERAL_NULL_CONVERSION = YES;
				CLANG_WARN_OBJC_LITERAL_CONVERSION = YES;
				CLANG_WARN_OBJC_ROOT_CLASS = YES_ERROR;
				CLANG_WARN_RANGE_LOOP_ANALYSIS = YES;
				CLANG_WARN_STRICT_PROTOTYPES = YES;
				CLANG_WARN_SUSPICIOUS_MOVE = YES;
				CLANG_WARN_UNGUARDED_AVAILABILITY = YES_AGGRESSIVE;
				CLANG_WARN_UNREACHABLE_CODE = YES;
				CLANG_WARN__DUPLICATE_METHOD_MATCH = YES;
				CODE_SIGN_IDENTITY = "iPhone Developer";
				COPY_PHASE_STRIP = NO;
				DEBUG_INFORMATION_FORMAT = dwarf;
				ENABLE_STRICT_OBJC_MSGSEND = YES;
				ENABLE_TESTABILITY = YES;
				GCC_C_LANGUAGE_STANDARD = gnu11;
				GCC_DYNAMIC_NO_PIC = NO;
				GCC_NO_COMMON_BLOCKS = YES;
				GCC_OPTIMIZATION_LEVEL = 0;
				GCC_PREPROCESSOR_DEFINITIONS = (
					"DEBUG=1",
					"$(inherited)",
				);
				GCC_WARN_64_TO_32_BIT_CONVERSION = YES;
				GCC_WARN_ABOUT_RETURN_TYPE = YES_ERROR;
				GCC_WARN_UNDECLARED_SELECTOR = YES;
				GCC_WARN_UNINITIALIZED_AUTOS = YES_AGGRESSIVE;
				GCC_WARN_UNUSED_FUNCTION = YES;
				GCC_WARN_UNUSED_VARIABLE = YES;
				IPHONEOS_DEPLOYMENT_TARGET = 11.2;
				MTL_ENABLE_DEBUG_INFO = YES;
				ONLY_ACTIVE_ARCH = YES;
				SDKROOT = iphoneos;
				SWIFT_ACTIVE_COMPILATION_CONDITIONS = DEBUG;
				SWIFT_OPTIMIZATION_LEVEL = "-Onone";
			};
			name = Debug;
		};
		65B2CCDF200E87FF00A47A06 /* Release */ = {
			isa = XCBuildConfiguration;
			buildSettings = {
				ALWAYS_SEARCH_USER_PATHS = NO;
				CLANG_ANALYZER_NONNULL = YES;
				CLANG_ANALYZER_NUMBER_OBJECT_CONVERSION = YES_AGGRESSIVE;
				CLANG_CXX_LANGUAGE_STANDARD = "gnu++14";
				CLANG_CXX_LIBRARY = "libc++";
				CLANG_ENABLE_MODULES = YES;
				CLANG_ENABLE_OBJC_ARC = YES;
				CLANG_WARN_BLOCK_CAPTURE_AUTORELEASING = YES;
				CLANG_WARN_BOOL_CONVERSION = YES;
				CLANG_WARN_COMMA = YES;
				CLANG_WARN_CONSTANT_CONVERSION = YES;
				CLANG_WARN_DIRECT_OBJC_ISA_USAGE = YES_ERROR;
				CLANG_WARN_DOCUMENTATION_COMMENTS = YES;
				CLANG_WARN_EMPTY_BODY = YES;
				CLANG_WARN_ENUM_CONVERSION = YES;
				CLANG_WARN_INFINITE_RECURSION = YES;
				CLANG_WARN_INT_CONVERSION = YES;
				CLANG_WARN_NON_LITERAL_NULL_CONVERSION = YES;
				CLANG_WARN_OBJC_LITERAL_CONVERSION = YES;
				CLANG_WARN_OBJC_ROOT_CLASS = YES_ERROR;
				CLANG_WARN_RANGE_LOOP_ANALYSIS = YES;
				CLANG_WARN_STRICT_PROTOTYPES = YES;
				CLANG_WARN_SUSPICIOUS_MOVE = YES;
				CLANG_WARN_UNGUARDED_AVAILABILITY = YES_AGGRESSIVE;
				CLANG_WARN_UNREACHABLE_CODE = YES;
				CLANG_WARN__DUPLICATE_METHOD_MATCH = YES;
				CODE_SIGN_IDENTITY = "iPhone Developer";
				COPY_PHASE_STRIP = NO;
				DEBUG_INFORMATION_FORMAT = "dwarf-with-dsym";
				ENABLE_NS_ASSERTIONS = NO;
				ENABLE_STRICT_OBJC_MSGSEND = YES;
				GCC_C_LANGUAGE_STANDARD = gnu11;
				GCC_NO_COMMON_BLOCKS = YES;
				GCC_WARN_64_TO_32_BIT_CONVERSION = YES;
				GCC_WARN_ABOUT_RETURN_TYPE = YES_ERROR;
				GCC_WARN_UNDECLARED_SELECTOR = YES;
				GCC_WARN_UNINITIALIZED_AUTOS = YES_AGGRESSIVE;
				GCC_WARN_UNUSED_FUNCTION = YES;
				GCC_WARN_UNUSED_VARIABLE = YES;
				IPHONEOS_DEPLOYMENT_TARGET = 11.2;
				MTL_ENABLE_DEBUG_INFO = NO;
				SDKROOT = iphoneos;
				SWIFT_OPTIMIZATION_LEVEL = "-Owholemodule";
				VALIDATE_PRODUCT = YES;
			};
			name = Release;
		};
		65B2CCE1200E87FF00A47A06 /* Debug */ = {
			isa = XCBuildConfiguration;
			buildSettings = {
				ASSETCATALOG_COMPILER_APPICON_NAME = AppIcon;
				CODE_SIGN_STYLE = Automatic;
				DEVELOPMENT_TEAM = V8248WPPHE;
				INFOPLIST_FILE = wineCollector/Info.plist;
				LD_RUNPATH_SEARCH_PATHS = "$(inherited) @executable_path/Frameworks";
				PRODUCT_BUNDLE_IDENTIFIER = net.debner.wineCollector;
				PRODUCT_NAME = "$(TARGET_NAME)";
				SWIFT_VERSION = 4.0;
				TARGETED_DEVICE_FAMILY = "1,2";
			};
			name = Debug;
		};
		65B2CCE2200E87FF00A47A06 /* Release */ = {
			isa = XCBuildConfiguration;
			buildSettings = {
				ASSETCATALOG_COMPILER_APPICON_NAME = AppIcon;
				CODE_SIGN_STYLE = Automatic;
				DEVELOPMENT_TEAM = V8248WPPHE;
				INFOPLIST_FILE = wineCollector/Info.plist;
				LD_RUNPATH_SEARCH_PATHS = "$(inherited) @executable_path/Frameworks";
				PRODUCT_BUNDLE_IDENTIFIER = net.debner.wineCollector;
				PRODUCT_NAME = "$(TARGET_NAME)";
				SWIFT_VERSION = 4.0;
				TARGETED_DEVICE_FAMILY = "1,2";
			};
			name = Release;
		};
/* End XCBuildConfiguration section */

/* Begin XCConfigurationList section */
		65B2CCC6200E87FF00A47A06 /* Build configuration list for PBXProject "wineCollector" */ = {
			isa = XCConfigurationList;
			buildConfigurations = (
				65B2CCDE200E87FF00A47A06 /* Debug */,
				65B2CCDF200E87FF00A47A06 /* Release */,
			);
			defaultConfigurationIsVisible = 0;
			defaultConfigurationName = Release;
		};
		65B2CCE0200E87FF00A47A06 /* Build configuration list for PBXNativeTarget "wineCollector" */ = {
			isa = XCConfigurationList;
			buildConfigurations = (
				65B2CCE1200E87FF00A47A06 /* Debug */,
				65B2CCE2200E87FF00A47A06 /* Release */,
			);
			defaultConfigurationIsVisible = 0;
			defaultConfigurationName = Release;
		};
/* End XCConfigurationList section */

/* Begin XCVersionGroup section */
		65B2CCD5200E87FF00A47A06 /* wineCollector.xcdatamodeld */ = {
			isa = XCVersionGroup;
			children = (
				65B2CCD6200E87FF00A47A06 /* wineCollector.xcdatamodel */,
			);
			currentVersion = 65B2CCD6200E87FF00A47A06 /* wineCollector.xcdatamodel */;
			path = wineCollector.xcdatamodeld;
			sourceTree = "<group>";
			versionGroupType = wrapper.xcdatamodel;
		};
/* End XCVersionGroup section */
	};
	rootObject = 65B2CCC3200E87FF00A47A06 /* Project object */;
}
